PODS:
  - BrightFutures (8.1.0)
  - FlexLayout (1.3.23)
  - Kingfisher (7.1.2)

DEPENDENCIES:
  - BrightFutures (~> 8.0)
  - FlexLayout
  - Kingfisher (~> 7.0)

SPEC REPOS:
  trunk:
    - BrightFutures
    - FlexLayout
    - Kingfisher

SPEC CHECKSUMS:
  BrightFutures: 6a974d08b121658dc0e6b93f5dec5353f9c24a44
  FlexLayout: 5b44c0538e7eaa2110e3160dfdfb74611676fb91
  Kingfisher: 44ed6a8504763f27bab46163adfac83f5deb240c

PODFILE CHECKSUM: e316555299b18a7407ca8bb16a2a1cd96578cce9

COCOAPODS: 1.11.2
