{
  "object": {
    "pins": [
      {
        "package": "BrightFutures",
        "repositoryURL": "https://github.com/Thomvis/BrightFutures",
        "state": {
          "branch": null,
          "revision": "939858b811026f85e87847a808f0bea2f187e5c4",
          "version": "8.1.0"
        }
      }
    ]
  },
  "version": 1
}
